
Microsoft Visual Studio Solution File, Format Version 12.00
# Visual Studio 15
VisualStudioVersion = 15.0.28307.705
MinimumVisualStudioVersion = 10.0.40219.1
Project("{9A19103F-16F7-4668-BE54-9A1E7A4F7556}") = "Task1", "Task1\Task1.csproj", "{2261B3E7-7EDA-4D1A-BC0E-4FE0D4322765}"
EndProject
Project("{FAE04EC0-301F-11D3-BF4B-00C04F79EFBC}") = "Task2", "Task2\Task2.csproj", "{BA913034-BB34-4747-87F5-C75EC0220AE4}"
EndProject
Global
	GlobalSection(SolutionConfigurationPlatforms) = preSolution
		Debug|Any CPU = Debug|Any CPU
		Release|Any CPU = Release|Any CPU
	EndGlobalSection
	GlobalSection(ProjectConfigurationPlatforms) = postSolution
		{2261B3E7-7EDA-4D1A-BC0E-4FE0D4322765}.Debug|Any CPU.ActiveCfg = Debug|Any CPU
		{2261B3E7-7EDA-4D1A-BC0E-4FE0D4322765}.Debug|Any CPU.Build.0 = Debug|Any CPU
		{2261B3E7-7EDA-4D1A-BC0E-4FE0D4322765}.Release|Any CPU.ActiveCfg = Release|Any CPU
		{2261B3E7-7EDA-4D1A-BC0E-4FE0D4322765}.Release|Any CPU.Build.0 = Release|Any CPU
		{BA913034-BB34-4747-87F5-C75EC0220AE4}.Debug|Any CPU.ActiveCfg = Debug|Any CPU
		{BA913034-BB34-4747-87F5-C75EC0220AE4}.Debug|Any CPU.Build.0 = Debug|Any CPU
		{BA913034-BB34-4747-87F5-C75EC0220AE4}.Release|Any CPU.ActiveCfg = Release|Any CPU
		{BA913034-BB34-4747-87F5-C75EC0220AE4}.Release|Any CPU.Build.0 = Release|Any CPU
	EndGlobalSection
	GlobalSection(SolutionProperties) = preSolution
		HideSolutionNode = FALSE
	EndGlobalSection
	GlobalSection(ExtensibilityGlobals) = postSolution
		SolutionGuid = {6C899960-8D79-4519-962C-721C13058ACC}
	EndGlobalSection
EndGlobal
